
Microsoft Visual Studio Solution File, Format Version 12.00
# Visual Studio Version 17
VisualStudioVersion = 17.9.34728.123
MinimumVisualStudioVersion = 10.0.40219.1
Project("{FAE04EC0-301F-11D3-BF4B-00C04F79EFBC}") = "Ventanillas", "Ventanillas\Ventanillas.csproj", "{F030CE8B-7BD7-48B8-9856-83D30B3138E0}"
EndProject
Global
	GlobalSection(SolutionConfigurationPlatforms) = preSolution
		Debug|Any CPU = Debug|Any CPU
		Release|Any CPU = Release|Any CPU
	EndGlobalSection
	GlobalSection(ProjectConfigurationPlatforms) = postSolution
		{F030CE8B-7BD7-48B8-9856-83D30B3138E0}.Debug|Any CPU.ActiveCfg = Debug|Any CPU
		{F030CE8B-7BD7-48B8-9856-83D30B3138E0}.Debug|Any CPU.Build.0 = Debug|Any CPU
		{F030CE8B-7BD7-48B8-9856-83D30B3138E0}.Release|Any CPU.ActiveCfg = Release|Any CPU
		{F030CE8B-7BD7-48B8-9856-83D30B3138E0}.Release|Any CPU.Build.0 = Release|Any CPU
	EndGlobalSection
	GlobalSection(SolutionProperties) = preSolution
		HideSolutionNode = FALSE
	EndGlobalSection
	GlobalSection(ExtensibilityGlobals) = postSolution
		SolutionGuid = {7FC490CE-59BF-4E59-AF9A-2FBD41E4B369}
	EndGlobalSection
EndGlobal
